
Microsoft Visual Studio Solution File, Format Version 12.00
# Visual Studio Version 17
VisualStudioVersion = 17.11.35312.102
MinimumVisualStudioVersion = 10.0.40219.1
Project("{FAE04EC0-301F-11D3-BF4B-00C04F79EFBC}") = "SWII6.TP01", "SWII6.TP01\SWII6.TP01.csproj", "{B97F51E3-3BD3-40A6-BB5E-B224A9292E14}"
EndProject
Global
	GlobalSection(SolutionConfigurationPlatforms) = preSolution
		Debug|Any CPU = Debug|Any CPU
		Release|Any CPU = Release|Any CPU
	EndGlobalSection
	GlobalSection(ProjectConfigurationPlatforms) = postSolution
		{B97F51E3-3BD3-40A6-BB5E-B224A9292E14}.Debug|Any CPU.ActiveCfg = Debug|Any CPU
		{B97F51E3-3BD3-40A6-BB5E-B224A9292E14}.Debug|Any CPU.Build.0 = Debug|Any CPU
		{B97F51E3-3BD3-40A6-BB5E-B224A9292E14}.Release|Any CPU.ActiveCfg = Release|Any CPU
		{B97F51E3-3BD3-40A6-BB5E-B224A9292E14}.Release|Any CPU.Build.0 = Release|Any CPU
	EndGlobalSection
	GlobalSection(SolutionProperties) = preSolution
		HideSolutionNode = FALSE
	EndGlobalSection
	GlobalSection(ExtensibilityGlobals) = postSolution
		SolutionGuid = {48CE126F-E0D0-45C6-B089-E4D11C7D328B}
	EndGlobalSection
EndGlobal
